<?xml version="1.0" encoding="UTF-8" standalone="yes" ?>
<CodeBlocks_project_file>
	<FileVersion major="1" minor="6" />
	<Project>
		<Option title="test" />
		<Option pch_mode="2" />
		<Option compiler="gcc" />
		<Build>
			<Target title="Debug">
				<Option output="bin/Debug/test" prefix_auto="1" extension_auto="1" />
				<Option object_output="obj/Debug/" />
				<Option type="1" />
				<Option compiler="gcc" />
				<Compiler>
					<Add option="-g" />
				</Compiler>
			</Target>
			<Target title="Release">
				<Option output="bin/Release/test" prefix_auto="1" extension_auto="1" />
				<Option object_output="obj/Release/" />
				<Option type="1" />
				<Option compiler="gcc" />
				<Compiler>
					<Add option="-O2" />
				</Compiler>
				<Linker>
					<Add option="-s" />
				</Linker>
			</Target>
		</Build>
		<Compiler>
			<Add option="-Wall" />
		</Compiler>
		<Linker>
			<Add option="-lmysqlclient" />
			<Add option="-lguestfs" />
			<Add option="-lpthread" />
		</Linker>
		<Unit filename="base.h">
			<Option target="&lt;{~None~}&gt;" />
		</Unit>
		<Unit filename="ext2_qcow2/inode.c">
			<Option compilerVar="CC" />
		</Unit>
		<Unit filename="ext2_qcow2/inode.h">
			<Option target="&lt;{~None~}&gt;" />
		</Unit>
		<Unit filename="guestfslib/MAX_PROC_NR" />
		<Unit filename="guestfslib/Makefile.am" />
		<Unit filename="guestfslib/Makefile.in" />
		<Unit filename="guestfslib/guestfs-actions.pod" />
		<Unit filename="guestfslib/guestfs-availability.pod" />
		<Unit filename="guestfslib/guestfs-structs.pod" />
		<Unit filename="guestfslib/guestfs.pod" />
		<Unit filename="guestfslib/libguestfs.pc.in" />
		<Unit filename="guestfslib/libguestfs.syms" />
		<Unit filename="include/ext2.h">
			<Option target="&lt;{~None~}&gt;" />
		</Unit>
		<Unit filename="include/public.h">
			<Option target="&lt;{~None~}&gt;" />
		</Unit>
		<Unit filename="include/qcow2.h">
			<Option target="&lt;{~None~}&gt;" />
		</Unit>
		<Unit filename="main.c">
			<Option compilerVar="CC" />
		</Unit>
		<Unit filename="sql/sqlread.c">
			<Option compilerVar="CC" />
		</Unit>
		<Unit filename="sql/sqlread.h">
			<Option target="&lt;{~None~}&gt;" />
		</Unit>
		<Extensions>
			<code_completion />
			<envvars />
			<debugger />
			<lib_finder disable_auto="1" />
		</Extensions>
	</Project>
</CodeBlocks_project_file>
